
Microsoft Visual Studio Solution File, Format Version 12.00
# Visual Studio Version 17
VisualStudioVersion = 17.9.34310.174
MinimumVisualStudioVersion = 10.0.40219.1
Project("{9A19103F-16F7-4668-BE54-9A1E7A4F7556}") = "Nabs.TechTrek.WebApi", "Nabs.TechTrek.WebApi\Nabs.TechTrek.WebApi.csproj", "{8847EB77-1F31-4849-BE3B-AB3020B8C7E5}"
EndProject
Project("{9A19103F-16F7-4668-BE54-9A1E7A4F7556}") = "Nabs.TechTrek.Gateway", "Nabs.TechTrek.Gateway\Nabs.TechTrek.Gateway.csproj", "{066F6870-7901-4472-B540-4048135D437C}"
EndProject
Project("{2150E333-8FDC-42A3-9474-1A3956D46DE8}") = "Modules", "Modules", "{6542B070-F3BC-4522-A34B-71F028B685C3}"
EndProject
Project("{9A19103F-16F7-4668-BE54-9A1E7A4F7556}") = "Nabs.TechTrek.Modules.WeatherModule", "Modules\Nabs.TechTrek.Modules.WeatherModule\Nabs.TechTrek.Modules.WeatherModule.csproj", "{742207DB-31A5-4E15-BF8F-3805614CCBF2}"
EndProject
Project("{9A19103F-16F7-4668-BE54-9A1E7A4F7556}") = "Nabs.TechTrek.Contracts.WeatherContracts", "Modules\Nabs.TechTrek.Contracts.WeatherContracts\Nabs.TechTrek.Contracts.WeatherContracts.csproj", "{905E0EF3-3847-47F7-9558-B50ABD47F948}"
EndProject
Project("{9A19103F-16F7-4668-BE54-9A1E7A4F7556}") = "Nabs.TechTrek.Clients.WeatherClients", "Modules\Nabs.TechTrek.Clients.WeatherClients\Nabs.TechTrek.Clients.WeatherClients.csproj", "{6D73174E-C7CA-48EF-8621-9123612FDA3D}"
EndProject
Project("{9A19103F-16F7-4668-BE54-9A1E7A4F7556}") = "Nabs.TechTrek.AppHost", "Nabs.TechTrek.AppHost\Nabs.TechTrek.AppHost.csproj", "{B196927F-A938-4289-AA37-F040A33920A4}"
EndProject
Project("{9A19103F-16F7-4668-BE54-9A1E7A4F7556}") = "Nabs.TechTrek.ServiceDefaults", "Nabs.TechTrek.ServiceDefaults\Nabs.TechTrek.ServiceDefaults.csproj", "{27859126-F2CB-4DB4-8E89-0F9779A62AC9}"
EndProject
Project("{2150E333-8FDC-42A3-9474-1A3956D46DE8}") = "Ui", "Ui", "{1CB522B1-49DE-493C-AC49-BB1B15DF5419}"
EndProject
Project("{9A19103F-16F7-4668-BE54-9A1E7A4F7556}") = "Nabs.TechTrek.WebApp", "Ui\Nabs.TechTrek.WebApp\Nabs.TechTrek.WebApp\Nabs.TechTrek.WebApp.csproj", "{CC1E4C3B-14CD-414F-B1DD-37D1271DA5B3}"
EndProject
Project("{2150E333-8FDC-42A3-9474-1A3956D46DE8}") = "Scenarios", "Scenarios", "{1BA0E12E-054C-4D41-8A12-4D7E48C152FC}"
EndProject
Project("{2150E333-8FDC-42A3-9474-1A3956D46DE8}") = "Persistence", "Persistence", "{6AE96921-A302-48A4-A05C-F70E1C301311}"
EndProject
Project("{9A19103F-16F7-4668-BE54-9A1E7A4F7556}") = "Nabs.TechTrek.Persistence", "Persistence\Nabs.TechTrek.Persistence\Nabs.TechTrek.Persistence.csproj", "{7806B20B-85B6-4754-9942-BE7BDC61750A}"
EndProject
Project("{9A19103F-16F7-4668-BE54-9A1E7A4F7556}") = "Nabs.TechTrek.PersistenceCli", "Persistence\Nabs.TechTrek.PersistenceCli\Nabs.TechTrek.PersistenceCli.csproj", "{BF8F5F3D-CB4B-4BB7-B417-6ABC427E9401}"
EndProject
Project("{2150E333-8FDC-42A3-9474-1A3956D46DE8}") = "Core", "Core", "{988C7FDB-0B9C-4ACF-BF44-FCB1B0AF37B2}"
EndProject
Project("{9A19103F-16F7-4668-BE54-9A1E7A4F7556}") = "Nabs.Ui.Shell", "Core\Nabs.Ui.Shell\Nabs.Ui.Shell.csproj", "{3267E8AA-1ADE-4235-B725-B081FF0E9667}"
EndProject
Project("{2150E333-8FDC-42A3-9474-1A3956D46DE8}") = "SourceGenerators", "SourceGenerators", "{FFFB3183-733E-4745-9F80-8DBF931DDB6B}"
EndProject
Project("{2150E333-8FDC-42A3-9474-1A3956D46DE8}") = "Tests", "Tests", "{8C23E362-D963-4EA0-9442-C99B0F661104}"
EndProject
Project("{9A19103F-16F7-4668-BE54-9A1E7A4F7556}") = "Nabs.TechTrek", "Nabs.TechTrek\Nabs.TechTrek.csproj", "{E275342D-AA69-45BE-9676-15025F114EB3}"
EndProject
Project("{2150E333-8FDC-42A3-9474-1A3956D46DE8}") = "tests", "tests", "{50A3D143-66E3-4A1B-BE4F-E031F9ABAD8E}"
EndProject
Project("{9A19103F-16F7-4668-BE54-9A1E7A4F7556}") = "Nabs.ReportsTests", "tests\Nabs.ReportsTests\Nabs.ReportsTests.csproj", "{F05D8977-2D7E-4FBB-87F2-850F13CD187C}"
EndProject
Project("{9A19103F-16F7-4668-BE54-9A1E7A4F7556}") = "Nabs.Core.Application.Abstractions", "Core\Nabs.Core.Application.Abstractions\Nabs.Core.Application.Abstractions.csproj", "{7133F43D-F75D-4F79-99B8-BC6B72CF4ADD}"
EndProject
Project("{2150E333-8FDC-42A3-9474-1A3956D46DE8}") = "Activities", "Activities", "{5762ED47-2B66-4005-A93C-355704326E7E}"
EndProject
Project("{9A19103F-16F7-4668-BE54-9A1E7A4F7556}") = "Nabs.Activities", "Nabs.Activities\Nabs.Activities.csproj", "{EDD1C58E-E54E-4D87-80E7-A299C21A70BE}"
EndProject
Project("{2150E333-8FDC-42A3-9474-1A3956D46DE8}") = "Projections", "Projections", "{DCD436F0-33D9-4924-8C39-17AE130F64A9}"
EndProject
Project("{FAE04EC0-301F-11D3-BF4B-00C04F79EFBC}") = "Nabs.TechTrek.Projections", "Projections\Nabs.TechTrek.Projections\Nabs.TechTrek.Projections.csproj", "{106E8AA4-9D69-4AC2-8C5D-D7F7627B0178}"
EndProject
Project("{2150E333-8FDC-42A3-9474-1A3956D46DE8}") = "TenantScenarios", "TenantScenarios", "{629C9351-5720-49F2-9122-A400A8F45A48}"
EndProject
Project("{FAE04EC0-301F-11D3-BF4B-00C04F79EFBC}") = "Nabs.TechTrek.TenantProjections", "Scenarios\TenantScenarios\Nabs.TechTrek.TenantProjections\Nabs.TechTrek.TenantProjections.csproj", "{47CA7579-890A-4C48-AA77-475000C7E1DB}"
EndProject
Project("{9A19103F-16F7-4668-BE54-9A1E7A4F7556}") = "Nabs.TechTrek.TenantActivities", "Scenarios\TenantScenarios\Nabs.TechTrek.TenantActivities\Nabs.TechTrek.TenantActivities.csproj", "{3EB5EF8B-2EE9-473E-8852-24BEAD9DB981}"
EndProject
Project("{9A19103F-16F7-4668-BE54-9A1E7A4F7556}") = "Nabs.TechTrek.TenantPersistence", "Scenarios\TenantScenarios\Nabs.TechTrek.TenantPersistence\Nabs.TechTrek.TenantPersistence.csproj", "{6DE749F7-DC55-4528-8A6E-7CB707C007BF}"
EndProject
Project("{FAE04EC0-301F-11D3-BF4B-00C04F79EFBC}") = "Nabs.TechTrek.TenantScenarios", "Nabs.TechTrek.TenantScenarios\Nabs.TechTrek.TenantScenarios.csproj", "{DE3E3055-4D25-442A-A446-FA32FD2457C4}"
EndProject
Global
	GlobalSection(SolutionConfigurationPlatforms) = preSolution
		Debug|Any CPU = Debug|Any CPU
		Release|Any CPU = Release|Any CPU
	EndGlobalSection
	GlobalSection(ProjectConfigurationPlatforms) = postSolution
		{8847EB77-1F31-4849-BE3B-AB3020B8C7E5}.Debug|Any CPU.ActiveCfg = Debug|Any CPU
		{8847EB77-1F31-4849-BE3B-AB3020B8C7E5}.Debug|Any CPU.Build.0 = Debug|Any CPU
		{8847EB77-1F31-4849-BE3B-AB3020B8C7E5}.Release|Any CPU.ActiveCfg = Release|Any CPU
		{8847EB77-1F31-4849-BE3B-AB3020B8C7E5}.Release|Any CPU.Build.0 = Release|Any CPU
		{066F6870-7901-4472-B540-4048135D437C}.Debug|Any CPU.ActiveCfg = Debug|Any CPU
		{066F6870-7901-4472-B540-4048135D437C}.Debug|Any CPU.Build.0 = Debug|Any CPU
		{066F6870-7901-4472-B540-4048135D437C}.Release|Any CPU.ActiveCfg = Release|Any CPU
		{066F6870-7901-4472-B540-4048135D437C}.Release|Any CPU.Build.0 = Release|Any CPU
		{742207DB-31A5-4E15-BF8F-3805614CCBF2}.Debug|Any CPU.ActiveCfg = Debug|Any CPU
		{742207DB-31A5-4E15-BF8F-3805614CCBF2}.Debug|Any CPU.Build.0 = Debug|Any CPU
		{742207DB-31A5-4E15-BF8F-3805614CCBF2}.Release|Any CPU.ActiveCfg = Release|Any CPU
		{742207DB-31A5-4E15-BF8F-3805614CCBF2}.Release|Any CPU.Build.0 = Release|Any CPU
		{905E0EF3-3847-47F7-9558-B50ABD47F948}.Debug|Any CPU.ActiveCfg = Debug|Any CPU
		{905E0EF3-3847-47F7-9558-B50ABD47F948}.Debug|Any CPU.Build.0 = Debug|Any CPU
		{905E0EF3-3847-47F7-9558-B50ABD47F948}.Release|Any CPU.ActiveCfg = Release|Any CPU
		{905E0EF3-3847-47F7-9558-B50ABD47F948}.Release|Any CPU.Build.0 = Release|Any CPU
		{6D73174E-C7CA-48EF-8621-9123612FDA3D}.Debug|Any CPU.ActiveCfg = Debug|Any CPU
		{6D73174E-C7CA-48EF-8621-9123612FDA3D}.Debug|Any CPU.Build.0 = Debug|Any CPU
		{6D73174E-C7CA-48EF-8621-9123612FDA3D}.Release|Any CPU.ActiveCfg = Release|Any CPU
		{6D73174E-C7CA-48EF-8621-9123612FDA3D}.Release|Any CPU.Build.0 = Release|Any CPU
		{B196927F-A938-4289-AA37-F040A33920A4}.Debug|Any CPU.ActiveCfg = Debug|Any CPU
		{B196927F-A938-4289-AA37-F040A33920A4}.Debug|Any CPU.Build.0 = Debug|Any CPU
		{B196927F-A938-4289-AA37-F040A33920A4}.Release|Any CPU.ActiveCfg = Release|Any CPU
		{B196927F-A938-4289-AA37-F040A33920A4}.Release|Any CPU.Build.0 = Release|Any CPU
		{27859126-F2CB-4DB4-8E89-0F9779A62AC9}.Debug|Any CPU.ActiveCfg = Debug|Any CPU
		{27859126-F2CB-4DB4-8E89-0F9779A62AC9}.Debug|Any CPU.Build.0 = Debug|Any CPU
		{27859126-F2CB-4DB4-8E89-0F9779A62AC9}.Release|Any CPU.ActiveCfg = Release|Any CPU
		{27859126-F2CB-4DB4-8E89-0F9779A62AC9}.Release|Any CPU.Build.0 = Release|Any CPU
		{CC1E4C3B-14CD-414F-B1DD-37D1271DA5B3}.Debug|Any CPU.ActiveCfg = Debug|Any CPU
		{CC1E4C3B-14CD-414F-B1DD-37D1271DA5B3}.Debug|Any CPU.Build.0 = Debug|Any CPU
		{CC1E4C3B-14CD-414F-B1DD-37D1271DA5B3}.Release|Any CPU.ActiveCfg = Release|Any CPU
		{CC1E4C3B-14CD-414F-B1DD-37D1271DA5B3}.Release|Any CPU.Build.0 = Release|Any CPU
		{7806B20B-85B6-4754-9942-BE7BDC61750A}.Debug|Any CPU.ActiveCfg = Debug|Any CPU
		{7806B20B-85B6-4754-9942-BE7BDC61750A}.Debug|Any CPU.Build.0 = Debug|Any CPU
		{7806B20B-85B6-4754-9942-BE7BDC61750A}.Release|Any CPU.ActiveCfg = Release|Any CPU
		{7806B20B-85B6-4754-9942-BE7BDC61750A}.Release|Any CPU.Build.0 = Release|Any CPU
		{BF8F5F3D-CB4B-4BB7-B417-6ABC427E9401}.Debug|Any CPU.ActiveCfg = Debug|Any CPU
		{BF8F5F3D-CB4B-4BB7-B417-6ABC427E9401}.Debug|Any CPU.Build.0 = Debug|Any CPU
		{BF8F5F3D-CB4B-4BB7-B417-6ABC427E9401}.Release|Any CPU.ActiveCfg = Release|Any CPU
		{BF8F5F3D-CB4B-4BB7-B417-6ABC427E9401}.Release|Any CPU.Build.0 = Release|Any CPU
		{3267E8AA-1ADE-4235-B725-B081FF0E9667}.Debug|Any CPU.ActiveCfg = Debug|Any CPU
		{3267E8AA-1ADE-4235-B725-B081FF0E9667}.Debug|Any CPU.Build.0 = Debug|Any CPU
		{3267E8AA-1ADE-4235-B725-B081FF0E9667}.Release|Any CPU.ActiveCfg = Release|Any CPU
		{3267E8AA-1ADE-4235-B725-B081FF0E9667}.Release|Any CPU.Build.0 = Release|Any CPU
		{E275342D-AA69-45BE-9676-15025F114EB3}.Debug|Any CPU.ActiveCfg = Debug|Any CPU
		{E275342D-AA69-45BE-9676-15025F114EB3}.Debug|Any CPU.Build.0 = Debug|Any CPU
		{E275342D-AA69-45BE-9676-15025F114EB3}.Release|Any CPU.ActiveCfg = Release|Any CPU
		{E275342D-AA69-45BE-9676-15025F114EB3}.Release|Any CPU.Build.0 = Release|Any CPU
		{F05D8977-2D7E-4FBB-87F2-850F13CD187C}.Debug|Any CPU.ActiveCfg = Debug|Any CPU
		{F05D8977-2D7E-4FBB-87F2-850F13CD187C}.Debug|Any CPU.Build.0 = Debug|Any CPU
		{F05D8977-2D7E-4FBB-87F2-850F13CD187C}.Release|Any CPU.ActiveCfg = Release|Any CPU
		{F05D8977-2D7E-4FBB-87F2-850F13CD187C}.Release|Any CPU.Build.0 = Release|Any CPU
		{7133F43D-F75D-4F79-99B8-BC6B72CF4ADD}.Debug|Any CPU.ActiveCfg = Debug|Any CPU
		{7133F43D-F75D-4F79-99B8-BC6B72CF4ADD}.Debug|Any CPU.Build.0 = Debug|Any CPU
		{7133F43D-F75D-4F79-99B8-BC6B72CF4ADD}.Release|Any CPU.ActiveCfg = Release|Any CPU
		{7133F43D-F75D-4F79-99B8-BC6B72CF4ADD}.Release|Any CPU.Build.0 = Release|Any CPU
		{EDD1C58E-E54E-4D87-80E7-A299C21A70BE}.Debug|Any CPU.ActiveCfg = Debug|Any CPU
		{EDD1C58E-E54E-4D87-80E7-A299C21A70BE}.Debug|Any CPU.Build.0 = Debug|Any CPU
		{EDD1C58E-E54E-4D87-80E7-A299C21A70BE}.Release|Any CPU.ActiveCfg = Release|Any CPU
		{EDD1C58E-E54E-4D87-80E7-A299C21A70BE}.Release|Any CPU.Build.0 = Release|Any CPU
		{106E8AA4-9D69-4AC2-8C5D-D7F7627B0178}.Debug|Any CPU.ActiveCfg = Debug|Any CPU
		{106E8AA4-9D69-4AC2-8C5D-D7F7627B0178}.Debug|Any CPU.Build.0 = Debug|Any CPU
		{106E8AA4-9D69-4AC2-8C5D-D7F7627B0178}.Release|Any CPU.ActiveCfg = Release|Any CPU
		{106E8AA4-9D69-4AC2-8C5D-D7F7627B0178}.Release|Any CPU.Build.0 = Release|Any CPU
		{47CA7579-890A-4C48-AA77-475000C7E1DB}.Debug|Any CPU.ActiveCfg = Debug|Any CPU
		{47CA7579-890A-4C48-AA77-475000C7E1DB}.Debug|Any CPU.Build.0 = Debug|Any CPU
		{47CA7579-890A-4C48-AA77-475000C7E1DB}.Release|Any CPU.ActiveCfg = Release|Any CPU
		{47CA7579-890A-4C48-AA77-475000C7E1DB}.Release|Any CPU.Build.0 = Release|Any CPU
		{3EB5EF8B-2EE9-473E-8852-24BEAD9DB981}.Debug|Any CPU.ActiveCfg = Debug|Any CPU
		{3EB5EF8B-2EE9-473E-8852-24BEAD9DB981}.Debug|Any CPU.Build.0 = Debug|Any CPU
		{3EB5EF8B-2EE9-473E-8852-24BEAD9DB981}.Release|Any CPU.ActiveCfg = Release|Any CPU
		{3EB5EF8B-2EE9-473E-8852-24BEAD9DB981}.Release|Any CPU.Build.0 = Release|Any CPU
		{6DE749F7-DC55-4528-8A6E-7CB707C007BF}.Debug|Any CPU.ActiveCfg = Debug|Any CPU
		{6DE749F7-DC55-4528-8A6E-7CB707C007BF}.Debug|Any CPU.Build.0 = Debug|Any CPU
		{6DE749F7-DC55-4528-8A6E-7CB707C007BF}.Release|Any CPU.ActiveCfg = Release|Any CPU
		{6DE749F7-DC55-4528-8A6E-7CB707C007BF}.Release|Any CPU.Build.0 = Release|Any CPU
		{DE3E3055-4D25-442A-A446-FA32FD2457C4}.Debug|Any CPU.ActiveCfg = Debug|Any CPU
		{DE3E3055-4D25-442A-A446-FA32FD2457C4}.Debug|Any CPU.Build.0 = Debug|Any CPU
		{DE3E3055-4D25-442A-A446-FA32FD2457C4}.Release|Any CPU.ActiveCfg = Release|Any CPU
		{DE3E3055-4D25-442A-A446-FA32FD2457C4}.Release|Any CPU.Build.0 = Release|Any CPU
	EndGlobalSection
	GlobalSection(SolutionProperties) = preSolution
		HideSolutionNode = FALSE
	EndGlobalSection
	GlobalSection(NestedProjects) = preSolution
		{742207DB-31A5-4E15-BF8F-3805614CCBF2} = {6542B070-F3BC-4522-A34B-71F028B685C3}
		{905E0EF3-3847-47F7-9558-B50ABD47F948} = {6542B070-F3BC-4522-A34B-71F028B685C3}
		{6D73174E-C7CA-48EF-8621-9123612FDA3D} = {6542B070-F3BC-4522-A34B-71F028B685C3}
		{CC1E4C3B-14CD-414F-B1DD-37D1271DA5B3} = {1CB522B1-49DE-493C-AC49-BB1B15DF5419}
		{7806B20B-85B6-4754-9942-BE7BDC61750A} = {6AE96921-A302-48A4-A05C-F70E1C301311}
		{BF8F5F3D-CB4B-4BB7-B417-6ABC427E9401} = {6AE96921-A302-48A4-A05C-F70E1C301311}
		{3267E8AA-1ADE-4235-B725-B081FF0E9667} = {988C7FDB-0B9C-4ACF-BF44-FCB1B0AF37B2}
		{8C23E362-D963-4EA0-9442-C99B0F661104} = {988C7FDB-0B9C-4ACF-BF44-FCB1B0AF37B2}
		{F05D8977-2D7E-4FBB-87F2-850F13CD187C} = {50A3D143-66E3-4A1B-BE4F-E031F9ABAD8E}
		{7133F43D-F75D-4F79-99B8-BC6B72CF4ADD} = {988C7FDB-0B9C-4ACF-BF44-FCB1B0AF37B2}
		{EDD1C58E-E54E-4D87-80E7-A299C21A70BE} = {5762ED47-2B66-4005-A93C-355704326E7E}
		{106E8AA4-9D69-4AC2-8C5D-D7F7627B0178} = {DCD436F0-33D9-4924-8C39-17AE130F64A9}
		{629C9351-5720-49F2-9122-A400A8F45A48} = {1BA0E12E-054C-4D41-8A12-4D7E48C152FC}
		{47CA7579-890A-4C48-AA77-475000C7E1DB} = {629C9351-5720-49F2-9122-A400A8F45A48}
		{3EB5EF8B-2EE9-473E-8852-24BEAD9DB981} = {629C9351-5720-49F2-9122-A400A8F45A48}
		{6DE749F7-DC55-4528-8A6E-7CB707C007BF} = {629C9351-5720-49F2-9122-A400A8F45A48}
		{DE3E3055-4D25-442A-A446-FA32FD2457C4} = {629C9351-5720-49F2-9122-A400A8F45A48}
	EndGlobalSection
	GlobalSection(ExtensibilityGlobals) = postSolution
		SolutionGuid = {08540D00-4595-4072-9C7F-4F3BAA45A0D0}
	EndGlobalSection
EndGlobal
