
Microsoft Visual Studio Solution File, Format Version 12.00
# Visual Studio Version 17
VisualStudioVersion = 17.9.34310.174
MinimumVisualStudioVersion = 10.0.40219.1
Project("{9A19103F-16F7-4668-BE54-9A1E7A4F7556}") = "Nabs.TechTrek.WebApi", "Nabs.TechTrek.WebApi\Nabs.TechTrek.WebApi.csproj", "{8847EB77-1F31-4849-BE3B-AB3020B8C7E5}"
EndProject
Project("{9A19103F-16F7-4668-BE54-9A1E7A4F7556}") = "Nabs.TechTrek.Gateway", "Nabs.TechTrek.Gateway\Nabs.TechTrek.Gateway.csproj", "{066F6870-7901-4472-B540-4048135D437C}"
EndProject
Project("{2150E333-8FDC-42A3-9474-1A3956D46DE8}") = "Modules", "Modules", "{6542B070-F3BC-4522-A34B-71F028B685C3}"
EndProject
Project("{9A19103F-16F7-4668-BE54-9A1E7A4F7556}") = "Nabs.TechTrek.Modules.WeatherModule", "Modules\Nabs.TechTrek.Modules.WeatherModule\Nabs.TechTrek.Modules.WeatherModule.csproj", "{742207DB-31A5-4E15-BF8F-3805614CCBF2}"
EndProject
Project("{9A19103F-16F7-4668-BE54-9A1E7A4F7556}") = "Nabs.TechTrek.Contracts.WeatherContracts", "Modules\Nabs.TechTrek.Contracts.WeatherContracts\Nabs.TechTrek.Contracts.WeatherContracts.csproj", "{905E0EF3-3847-47F7-9558-B50ABD47F948}"
EndProject
Project("{9A19103F-16F7-4668-BE54-9A1E7A4F7556}") = "Nabs.TechTrek.Clients.WeatherClients", "Modules\Nabs.TechTrek.Clients.WeatherClients\Nabs.TechTrek.Clients.WeatherClients.csproj", "{6D73174E-C7CA-48EF-8621-9123612FDA3D}"
EndProject
Project("{9A19103F-16F7-4668-BE54-9A1E7A4F7556}") = "Nabs.TechTrek.AppHost", "Nabs.TechTrek.AppHost\Nabs.TechTrek.AppHost.csproj", "{B196927F-A938-4289-AA37-F040A33920A4}"
EndProject
Project("{9A19103F-16F7-4668-BE54-9A1E7A4F7556}") = "Nabs.TechTrek.ServiceDefaults", "Nabs.TechTrek.ServiceDefaults\Nabs.TechTrek.ServiceDefaults.csproj", "{27859126-F2CB-4DB4-8E89-0F9779A62AC9}"
EndProject
Project("{2150E333-8FDC-42A3-9474-1A3956D46DE8}") = "Ui", "Ui", "{1CB522B1-49DE-493C-AC49-BB1B15DF5419}"
EndProject
Project("{9A19103F-16F7-4668-BE54-9A1E7A4F7556}") = "Nabs.TechTrek.WebApp", "Ui\Nabs.TechTrek.WebApp\Nabs.TechTrek.WebApp\Nabs.TechTrek.WebApp.csproj", "{CC1E4C3B-14CD-414F-B1DD-37D1271DA5B3}"
EndProject
Project("{2150E333-8FDC-42A3-9474-1A3956D46DE8}") = "Scenarios", "Scenarios", "{1BA0E12E-054C-4D41-8A12-4D7E48C152FC}"
EndProject
Project("{2150E333-8FDC-42A3-9474-1A3956D46DE8}") = "Persistence", "Persistence", "{6AE96921-A302-48A4-A05C-F70E1C301311}"
EndProject
Project("{9A19103F-16F7-4668-BE54-9A1E7A4F7556}") = "Nabs.TechTrek.Persistence", "Persistence\Nabs.TechTrek.Persistence\Nabs.TechTrek.Persistence.csproj", "{7806B20B-85B6-4754-9942-BE7BDC61750A}"
EndProject
Project("{9A19103F-16F7-4668-BE54-9A1E7A4F7556}") = "Nabs.TechTrek.PersistenceCli", "Persistence\Nabs.TechTrek.PersistenceCli\Nabs.TechTrek.PersistenceCli.csproj", "{BF8F5F3D-CB4B-4BB7-B417-6ABC427E9401}"
EndProject
Project("{9A19103F-16F7-4668-BE54-9A1E7A4F7556}") = "Nabs.TechTrek.TenantPersistence", "Persistence\Nabs.TechTrek.TenantPersistence\Nabs.TechTrek.TenantPersistence.csproj", "{D5B13033-711E-4653-8608-1F2E5F86D7EB}"
EndProject
Project("{2150E333-8FDC-42A3-9474-1A3956D46DE8}") = "Core", "Core", "{988C7FDB-0B9C-4ACF-BF44-FCB1B0AF37B2}"
EndProject
Project("{9A19103F-16F7-4668-BE54-9A1E7A4F7556}") = "Nabs.TechTrek.Core.ApplicationContext.Abstractions", "Core\Nabs.TechTrek.Core.ApplicationContext.Abstractions\Nabs.TechTrek.Core.ApplicationContext.Abstractions.csproj", "{88752FDD-35E6-4679-B1B3-30E319ADB2BD}"
EndProject
Project("{9A19103F-16F7-4668-BE54-9A1E7A4F7556}") = "Nabs.TechTrek.Core.Tests.Abstractions", "Core\Nabs.TechTrek.Core.Tests.Abstractions\Nabs.TechTrek.Core.Tests.Abstractions.csproj", "{12B5862E-DEF8-45B9-BB18-A9C35CB391FF}"
EndProject
Project("{9A19103F-16F7-4668-BE54-9A1E7A4F7556}") = "Nabs.Ui.Shell", "Core\Nabs.Ui.Shell\Nabs.Ui.Shell.csproj", "{3267E8AA-1ADE-4235-B725-B081FF0E9667}"
EndProject
Project("{2150E333-8FDC-42A3-9474-1A3956D46DE8}") = "SourceGenerators", "SourceGenerators", "{FFFB3183-733E-4745-9F80-8DBF931DDB6B}"
EndProject
Project("{2150E333-8FDC-42A3-9474-1A3956D46DE8}") = "Tests", "Tests", "{8C23E362-D963-4EA0-9442-C99B0F661104}"
EndProject
Project("{9A19103F-16F7-4668-BE54-9A1E7A4F7556}") = "Nabs.Tests.IdentityTests", "Core\Tests\Nabs.Tests.IdentityTests\Nabs.Tests.IdentityTests.csproj", "{8B7D7E81-9F31-422F-AFB9-191625599AF9}"
EndProject
Project("{2150E333-8FDC-42A3-9474-1A3956D46DE8}") = "SolutionItems", "SolutionItems", "{25D7E9D1-D1CA-4773-A355-72E92FDDA509}"
	ProjectSection(SolutionItems) = preProject
		.editorconfig = .editorconfig
		..\.gitignore = ..\.gitignore
		coverlet.runsettings = coverlet.runsettings
		Directory.Packages.props = Directory.Packages.props
		nuget.config = nuget.config
	EndProjectSection
EndProject
Project("{9A19103F-16F7-4668-BE54-9A1E7A4F7556}") = "Nabs.TechTrek.Identity.Abstractions", "Core\Nabs.TechTrek.Identity.Abstractions\Nabs.TechTrek.Identity.Abstractions.csproj", "{647AE425-B78A-4DF4-BDFC-07DF4587FDFA}"
EndProject
Project("{9A19103F-16F7-4668-BE54-9A1E7A4F7556}") = "Nabs.TechTrek", "Nabs.TechTrek\Nabs.TechTrek.csproj", "{E275342D-AA69-45BE-9676-15025F114EB3}"
EndProject
Project("{2150E333-8FDC-42A3-9474-1A3956D46DE8}") = "tests", "tests", "{50A3D143-66E3-4A1B-BE4F-E031F9ABAD8E}"
EndProject
Project("{9A19103F-16F7-4668-BE54-9A1E7A4F7556}") = "Nabs.TechTrek.Tests.PersistenceTests", "tests\Nabs.TechTrek.Tests.PersistenceTests\Nabs.TechTrek.Tests.PersistenceTests.csproj", "{51365125-65C1-4BF0-B45D-7355A26E85CA}"
EndProject
Project("{9A19103F-16F7-4668-BE54-9A1E7A4F7556}") = "Nabs.ReportsTests", "tests\Nabs.ReportsTests\Nabs.ReportsTests.csproj", "{F05D8977-2D7E-4FBB-87F2-850F13CD187C}"
EndProject
Global
	GlobalSection(SolutionConfigurationPlatforms) = preSolution
		Debug|Any CPU = Debug|Any CPU
		Release|Any CPU = Release|Any CPU
	EndGlobalSection
	GlobalSection(ProjectConfigurationPlatforms) = postSolution
		{8847EB77-1F31-4849-BE3B-AB3020B8C7E5}.Debug|Any CPU.ActiveCfg = Debug|Any CPU
		{8847EB77-1F31-4849-BE3B-AB3020B8C7E5}.Debug|Any CPU.Build.0 = Debug|Any CPU
		{8847EB77-1F31-4849-BE3B-AB3020B8C7E5}.Release|Any CPU.ActiveCfg = Release|Any CPU
		{8847EB77-1F31-4849-BE3B-AB3020B8C7E5}.Release|Any CPU.Build.0 = Release|Any CPU
		{066F6870-7901-4472-B540-4048135D437C}.Debug|Any CPU.ActiveCfg = Debug|Any CPU
		{066F6870-7901-4472-B540-4048135D437C}.Debug|Any CPU.Build.0 = Debug|Any CPU
		{066F6870-7901-4472-B540-4048135D437C}.Release|Any CPU.ActiveCfg = Release|Any CPU
		{066F6870-7901-4472-B540-4048135D437C}.Release|Any CPU.Build.0 = Release|Any CPU
		{742207DB-31A5-4E15-BF8F-3805614CCBF2}.Debug|Any CPU.ActiveCfg = Debug|Any CPU
		{742207DB-31A5-4E15-BF8F-3805614CCBF2}.Debug|Any CPU.Build.0 = Debug|Any CPU
		{742207DB-31A5-4E15-BF8F-3805614CCBF2}.Release|Any CPU.ActiveCfg = Release|Any CPU
		{742207DB-31A5-4E15-BF8F-3805614CCBF2}.Release|Any CPU.Build.0 = Release|Any CPU
		{905E0EF3-3847-47F7-9558-B50ABD47F948}.Debug|Any CPU.ActiveCfg = Debug|Any CPU
		{905E0EF3-3847-47F7-9558-B50ABD47F948}.Debug|Any CPU.Build.0 = Debug|Any CPU
		{905E0EF3-3847-47F7-9558-B50ABD47F948}.Release|Any CPU.ActiveCfg = Release|Any CPU
		{905E0EF3-3847-47F7-9558-B50ABD47F948}.Release|Any CPU.Build.0 = Release|Any CPU
		{6D73174E-C7CA-48EF-8621-9123612FDA3D}.Debug|Any CPU.ActiveCfg = Debug|Any CPU
		{6D73174E-C7CA-48EF-8621-9123612FDA3D}.Debug|Any CPU.Build.0 = Debug|Any CPU
		{6D73174E-C7CA-48EF-8621-9123612FDA3D}.Release|Any CPU.ActiveCfg = Release|Any CPU
		{6D73174E-C7CA-48EF-8621-9123612FDA3D}.Release|Any CPU.Build.0 = Release|Any CPU
		{B196927F-A938-4289-AA37-F040A33920A4}.Debug|Any CPU.ActiveCfg = Debug|Any CPU
		{B196927F-A938-4289-AA37-F040A33920A4}.Debug|Any CPU.Build.0 = Debug|Any CPU
		{B196927F-A938-4289-AA37-F040A33920A4}.Release|Any CPU.ActiveCfg = Release|Any CPU
		{B196927F-A938-4289-AA37-F040A33920A4}.Release|Any CPU.Build.0 = Release|Any CPU
		{27859126-F2CB-4DB4-8E89-0F9779A62AC9}.Debug|Any CPU.ActiveCfg = Debug|Any CPU
		{27859126-F2CB-4DB4-8E89-0F9779A62AC9}.Debug|Any CPU.Build.0 = Debug|Any CPU
		{27859126-F2CB-4DB4-8E89-0F9779A62AC9}.Release|Any CPU.ActiveCfg = Release|Any CPU
		{27859126-F2CB-4DB4-8E89-0F9779A62AC9}.Release|Any CPU.Build.0 = Release|Any CPU
		{CC1E4C3B-14CD-414F-B1DD-37D1271DA5B3}.Debug|Any CPU.ActiveCfg = Debug|Any CPU
		{CC1E4C3B-14CD-414F-B1DD-37D1271DA5B3}.Debug|Any CPU.Build.0 = Debug|Any CPU
		{CC1E4C3B-14CD-414F-B1DD-37D1271DA5B3}.Release|Any CPU.ActiveCfg = Release|Any CPU
		{CC1E4C3B-14CD-414F-B1DD-37D1271DA5B3}.Release|Any CPU.Build.0 = Release|Any CPU
		{7806B20B-85B6-4754-9942-BE7BDC61750A}.Debug|Any CPU.ActiveCfg = Debug|Any CPU
		{7806B20B-85B6-4754-9942-BE7BDC61750A}.Debug|Any CPU.Build.0 = Debug|Any CPU
		{7806B20B-85B6-4754-9942-BE7BDC61750A}.Release|Any CPU.ActiveCfg = Release|Any CPU
		{7806B20B-85B6-4754-9942-BE7BDC61750A}.Release|Any CPU.Build.0 = Release|Any CPU
		{BF8F5F3D-CB4B-4BB7-B417-6ABC427E9401}.Debug|Any CPU.ActiveCfg = Debug|Any CPU
		{BF8F5F3D-CB4B-4BB7-B417-6ABC427E9401}.Debug|Any CPU.Build.0 = Debug|Any CPU
		{BF8F5F3D-CB4B-4BB7-B417-6ABC427E9401}.Release|Any CPU.ActiveCfg = Release|Any CPU
		{BF8F5F3D-CB4B-4BB7-B417-6ABC427E9401}.Release|Any CPU.Build.0 = Release|Any CPU
		{D5B13033-711E-4653-8608-1F2E5F86D7EB}.Debug|Any CPU.ActiveCfg = Debug|Any CPU
		{D5B13033-711E-4653-8608-1F2E5F86D7EB}.Debug|Any CPU.Build.0 = Debug|Any CPU
		{D5B13033-711E-4653-8608-1F2E5F86D7EB}.Release|Any CPU.ActiveCfg = Release|Any CPU
		{D5B13033-711E-4653-8608-1F2E5F86D7EB}.Release|Any CPU.Build.0 = Release|Any CPU
		{88752FDD-35E6-4679-B1B3-30E319ADB2BD}.Debug|Any CPU.ActiveCfg = Debug|Any CPU
		{88752FDD-35E6-4679-B1B3-30E319ADB2BD}.Debug|Any CPU.Build.0 = Debug|Any CPU
		{88752FDD-35E6-4679-B1B3-30E319ADB2BD}.Release|Any CPU.ActiveCfg = Release|Any CPU
		{88752FDD-35E6-4679-B1B3-30E319ADB2BD}.Release|Any CPU.Build.0 = Release|Any CPU
		{12B5862E-DEF8-45B9-BB18-A9C35CB391FF}.Debug|Any CPU.ActiveCfg = Debug|Any CPU
		{12B5862E-DEF8-45B9-BB18-A9C35CB391FF}.Debug|Any CPU.Build.0 = Debug|Any CPU
		{12B5862E-DEF8-45B9-BB18-A9C35CB391FF}.Release|Any CPU.ActiveCfg = Release|Any CPU
		{12B5862E-DEF8-45B9-BB18-A9C35CB391FF}.Release|Any CPU.Build.0 = Release|Any CPU
		{3267E8AA-1ADE-4235-B725-B081FF0E9667}.Debug|Any CPU.ActiveCfg = Debug|Any CPU
		{3267E8AA-1ADE-4235-B725-B081FF0E9667}.Debug|Any CPU.Build.0 = Debug|Any CPU
		{3267E8AA-1ADE-4235-B725-B081FF0E9667}.Release|Any CPU.ActiveCfg = Release|Any CPU
		{3267E8AA-1ADE-4235-B725-B081FF0E9667}.Release|Any CPU.Build.0 = Release|Any CPU
		{8B7D7E81-9F31-422F-AFB9-191625599AF9}.Debug|Any CPU.ActiveCfg = Debug|Any CPU
		{8B7D7E81-9F31-422F-AFB9-191625599AF9}.Debug|Any CPU.Build.0 = Debug|Any CPU
		{8B7D7E81-9F31-422F-AFB9-191625599AF9}.Release|Any CPU.ActiveCfg = Release|Any CPU
		{8B7D7E81-9F31-422F-AFB9-191625599AF9}.Release|Any CPU.Build.0 = Release|Any CPU
		{647AE425-B78A-4DF4-BDFC-07DF4587FDFA}.Debug|Any CPU.ActiveCfg = Debug|Any CPU
		{647AE425-B78A-4DF4-BDFC-07DF4587FDFA}.Debug|Any CPU.Build.0 = Debug|Any CPU
		{647AE425-B78A-4DF4-BDFC-07DF4587FDFA}.Release|Any CPU.ActiveCfg = Release|Any CPU
		{647AE425-B78A-4DF4-BDFC-07DF4587FDFA}.Release|Any CPU.Build.0 = Release|Any CPU
		{E275342D-AA69-45BE-9676-15025F114EB3}.Debug|Any CPU.ActiveCfg = Debug|Any CPU
		{E275342D-AA69-45BE-9676-15025F114EB3}.Debug|Any CPU.Build.0 = Debug|Any CPU
		{E275342D-AA69-45BE-9676-15025F114EB3}.Release|Any CPU.ActiveCfg = Release|Any CPU
		{E275342D-AA69-45BE-9676-15025F114EB3}.Release|Any CPU.Build.0 = Release|Any CPU
		{51365125-65C1-4BF0-B45D-7355A26E85CA}.Debug|Any CPU.ActiveCfg = Debug|Any CPU
		{51365125-65C1-4BF0-B45D-7355A26E85CA}.Debug|Any CPU.Build.0 = Debug|Any CPU
		{51365125-65C1-4BF0-B45D-7355A26E85CA}.Release|Any CPU.ActiveCfg = Release|Any CPU
		{51365125-65C1-4BF0-B45D-7355A26E85CA}.Release|Any CPU.Build.0 = Release|Any CPU
		{F05D8977-2D7E-4FBB-87F2-850F13CD187C}.Debug|Any CPU.ActiveCfg = Debug|Any CPU
		{F05D8977-2D7E-4FBB-87F2-850F13CD187C}.Debug|Any CPU.Build.0 = Debug|Any CPU
		{F05D8977-2D7E-4FBB-87F2-850F13CD187C}.Release|Any CPU.ActiveCfg = Release|Any CPU
		{F05D8977-2D7E-4FBB-87F2-850F13CD187C}.Release|Any CPU.Build.0 = Release|Any CPU
	EndGlobalSection
	GlobalSection(SolutionProperties) = preSolution
		HideSolutionNode = FALSE
	EndGlobalSection
	GlobalSection(NestedProjects) = preSolution
		{742207DB-31A5-4E15-BF8F-3805614CCBF2} = {6542B070-F3BC-4522-A34B-71F028B685C3}
		{905E0EF3-3847-47F7-9558-B50ABD47F948} = {6542B070-F3BC-4522-A34B-71F028B685C3}
		{6D73174E-C7CA-48EF-8621-9123612FDA3D} = {6542B070-F3BC-4522-A34B-71F028B685C3}
		{CC1E4C3B-14CD-414F-B1DD-37D1271DA5B3} = {1CB522B1-49DE-493C-AC49-BB1B15DF5419}
		{7806B20B-85B6-4754-9942-BE7BDC61750A} = {6AE96921-A302-48A4-A05C-F70E1C301311}
		{BF8F5F3D-CB4B-4BB7-B417-6ABC427E9401} = {6AE96921-A302-48A4-A05C-F70E1C301311}
		{D5B13033-711E-4653-8608-1F2E5F86D7EB} = {6AE96921-A302-48A4-A05C-F70E1C301311}
		{88752FDD-35E6-4679-B1B3-30E319ADB2BD} = {988C7FDB-0B9C-4ACF-BF44-FCB1B0AF37B2}
		{12B5862E-DEF8-45B9-BB18-A9C35CB391FF} = {988C7FDB-0B9C-4ACF-BF44-FCB1B0AF37B2}
		{3267E8AA-1ADE-4235-B725-B081FF0E9667} = {988C7FDB-0B9C-4ACF-BF44-FCB1B0AF37B2}
		{8C23E362-D963-4EA0-9442-C99B0F661104} = {988C7FDB-0B9C-4ACF-BF44-FCB1B0AF37B2}
		{647AE425-B78A-4DF4-BDFC-07DF4587FDFA} = {988C7FDB-0B9C-4ACF-BF44-FCB1B0AF37B2}
		{51365125-65C1-4BF0-B45D-7355A26E85CA} = {50A3D143-66E3-4A1B-BE4F-E031F9ABAD8E}
		{F05D8977-2D7E-4FBB-87F2-850F13CD187C} = {50A3D143-66E3-4A1B-BE4F-E031F9ABAD8E}
	EndGlobalSection
	GlobalSection(ExtensibilityGlobals) = postSolution
		SolutionGuid = {08540D00-4595-4072-9C7F-4F3BAA45A0D0}
	EndGlobalSection
EndGlobal
