
Microsoft Visual Studio Solution File, Format Version 12.00
# Visual Studio Version 17
VisualStudioVersion = 17.9.34310.174
MinimumVisualStudioVersion = 10.0.40219.1
Project("{9A19103F-16F7-4668-BE54-9A1E7A4F7556}") = "Nabs.TechTrek.WebApi", "Nabs.TechTrek.WebApi\Nabs.TechTrek.WebApi.csproj", "{8847EB77-1F31-4849-BE3B-AB3020B8C7E5}"
EndProject
Project("{9A19103F-16F7-4668-BE54-9A1E7A4F7556}") = "Nabs.TechTrek.Gateway", "Nabs.TechTrek.Gateway\Nabs.TechTrek.Gateway.csproj", "{066F6870-7901-4472-B540-4048135D437C}"
EndProject
Project("{2150E333-8FDC-42A3-9474-1A3956D46DE8}") = "Modules", "Modules", "{6542B070-F3BC-4522-A34B-71F028B685C3}"
EndProject
Project("{9A19103F-16F7-4668-BE54-9A1E7A4F7556}") = "Nabs.TechTrek.Modules.WeatherModule", "Modules\Nabs.TechTrek.Modules.WeatherModule\Nabs.TechTrek.Modules.WeatherModule.csproj", "{742207DB-31A5-4E15-BF8F-3805614CCBF2}"
EndProject
Project("{9A19103F-16F7-4668-BE54-9A1E7A4F7556}") = "Nabs.TechTrek.Contracts.WeatherContracts", "Modules\Nabs.TechTrek.Contracts.WeatherContracts\Nabs.TechTrek.Contracts.WeatherContracts.csproj", "{905E0EF3-3847-47F7-9558-B50ABD47F948}"
EndProject
Project("{9A19103F-16F7-4668-BE54-9A1E7A4F7556}") = "Nabs.TechTrek.Clients.WeatherClients", "Modules\Nabs.TechTrek.Clients.WeatherClients\Nabs.TechTrek.Clients.WeatherClients.csproj", "{6D73174E-C7CA-48EF-8621-9123612FDA3D}"
EndProject
Project("{9A19103F-16F7-4668-BE54-9A1E7A4F7556}") = "Nabs.TechTrek.AppHost", "Nabs.TechTrek.AppHost\Nabs.TechTrek.AppHost.csproj", "{B196927F-A938-4289-AA37-F040A33920A4}"
EndProject
Project("{9A19103F-16F7-4668-BE54-9A1E7A4F7556}") = "Nabs.TechTrek.ServiceDefaults", "Nabs.TechTrek.ServiceDefaults\Nabs.TechTrek.ServiceDefaults.csproj", "{27859126-F2CB-4DB4-8E89-0F9779A62AC9}"
EndProject
Project("{2150E333-8FDC-42A3-9474-1A3956D46DE8}") = "Ui", "Ui", "{1CB522B1-49DE-493C-AC49-BB1B15DF5419}"
EndProject
Project("{9A19103F-16F7-4668-BE54-9A1E7A4F7556}") = "Nabs.TechTrek.WebApp", "Ui\Nabs.TechTrek.WebApp\Nabs.TechTrek.WebApp\Nabs.TechTrek.WebApp.csproj", "{CC1E4C3B-14CD-414F-B1DD-37D1271DA5B3}"
EndProject
Project("{2150E333-8FDC-42A3-9474-1A3956D46DE8}") = "Scenarios", "Scenarios", "{1BA0E12E-054C-4D41-8A12-4D7E48C152FC}"
EndProject
Project("{2150E333-8FDC-42A3-9474-1A3956D46DE8}") = "Persistence", "Persistence", "{6AE96921-A302-48A4-A05C-F70E1C301311}"
EndProject
Project("{FAE04EC0-301F-11D3-BF4B-00C04F79EFBC}") = "Nabs.TechTrek.Persistence", "Persistence\Nabs.TechTrek.Persistence\Nabs.TechTrek.Persistence.csproj", "{7806B20B-85B6-4754-9942-BE7BDC61750A}"
EndProject
Global
	GlobalSection(SolutionConfigurationPlatforms) = preSolution
		Debug|Any CPU = Debug|Any CPU
		Release|Any CPU = Release|Any CPU
	EndGlobalSection
	GlobalSection(ProjectConfigurationPlatforms) = postSolution
		{8847EB77-1F31-4849-BE3B-AB3020B8C7E5}.Debug|Any CPU.ActiveCfg = Debug|Any CPU
		{8847EB77-1F31-4849-BE3B-AB3020B8C7E5}.Debug|Any CPU.Build.0 = Debug|Any CPU
		{8847EB77-1F31-4849-BE3B-AB3020B8C7E5}.Release|Any CPU.ActiveCfg = Release|Any CPU
		{8847EB77-1F31-4849-BE3B-AB3020B8C7E5}.Release|Any CPU.Build.0 = Release|Any CPU
		{066F6870-7901-4472-B540-4048135D437C}.Debug|Any CPU.ActiveCfg = Debug|Any CPU
		{066F6870-7901-4472-B540-4048135D437C}.Debug|Any CPU.Build.0 = Debug|Any CPU
		{066F6870-7901-4472-B540-4048135D437C}.Release|Any CPU.ActiveCfg = Release|Any CPU
		{066F6870-7901-4472-B540-4048135D437C}.Release|Any CPU.Build.0 = Release|Any CPU
		{742207DB-31A5-4E15-BF8F-3805614CCBF2}.Debug|Any CPU.ActiveCfg = Debug|Any CPU
		{742207DB-31A5-4E15-BF8F-3805614CCBF2}.Debug|Any CPU.Build.0 = Debug|Any CPU
		{742207DB-31A5-4E15-BF8F-3805614CCBF2}.Release|Any CPU.ActiveCfg = Release|Any CPU
		{742207DB-31A5-4E15-BF8F-3805614CCBF2}.Release|Any CPU.Build.0 = Release|Any CPU
		{905E0EF3-3847-47F7-9558-B50ABD47F948}.Debug|Any CPU.ActiveCfg = Debug|Any CPU
		{905E0EF3-3847-47F7-9558-B50ABD47F948}.Debug|Any CPU.Build.0 = Debug|Any CPU
		{905E0EF3-3847-47F7-9558-B50ABD47F948}.Release|Any CPU.ActiveCfg = Release|Any CPU
		{905E0EF3-3847-47F7-9558-B50ABD47F948}.Release|Any CPU.Build.0 = Release|Any CPU
		{6D73174E-C7CA-48EF-8621-9123612FDA3D}.Debug|Any CPU.ActiveCfg = Debug|Any CPU
		{6D73174E-C7CA-48EF-8621-9123612FDA3D}.Debug|Any CPU.Build.0 = Debug|Any CPU
		{6D73174E-C7CA-48EF-8621-9123612FDA3D}.Release|Any CPU.ActiveCfg = Release|Any CPU
		{6D73174E-C7CA-48EF-8621-9123612FDA3D}.Release|Any CPU.Build.0 = Release|Any CPU
		{B196927F-A938-4289-AA37-F040A33920A4}.Debug|Any CPU.ActiveCfg = Debug|Any CPU
		{B196927F-A938-4289-AA37-F040A33920A4}.Debug|Any CPU.Build.0 = Debug|Any CPU
		{B196927F-A938-4289-AA37-F040A33920A4}.Release|Any CPU.ActiveCfg = Release|Any CPU
		{B196927F-A938-4289-AA37-F040A33920A4}.Release|Any CPU.Build.0 = Release|Any CPU
		{27859126-F2CB-4DB4-8E89-0F9779A62AC9}.Debug|Any CPU.ActiveCfg = Debug|Any CPU
		{27859126-F2CB-4DB4-8E89-0F9779A62AC9}.Debug|Any CPU.Build.0 = Debug|Any CPU
		{27859126-F2CB-4DB4-8E89-0F9779A62AC9}.Release|Any CPU.ActiveCfg = Release|Any CPU
		{27859126-F2CB-4DB4-8E89-0F9779A62AC9}.Release|Any CPU.Build.0 = Release|Any CPU
		{CC1E4C3B-14CD-414F-B1DD-37D1271DA5B3}.Debug|Any CPU.ActiveCfg = Debug|Any CPU
		{CC1E4C3B-14CD-414F-B1DD-37D1271DA5B3}.Debug|Any CPU.Build.0 = Debug|Any CPU
		{CC1E4C3B-14CD-414F-B1DD-37D1271DA5B3}.Release|Any CPU.ActiveCfg = Release|Any CPU
		{CC1E4C3B-14CD-414F-B1DD-37D1271DA5B3}.Release|Any CPU.Build.0 = Release|Any CPU
		{7806B20B-85B6-4754-9942-BE7BDC61750A}.Debug|Any CPU.ActiveCfg = Debug|Any CPU
		{7806B20B-85B6-4754-9942-BE7BDC61750A}.Debug|Any CPU.Build.0 = Debug|Any CPU
		{7806B20B-85B6-4754-9942-BE7BDC61750A}.Release|Any CPU.ActiveCfg = Release|Any CPU
		{7806B20B-85B6-4754-9942-BE7BDC61750A}.Release|Any CPU.Build.0 = Release|Any CPU
	EndGlobalSection
	GlobalSection(SolutionProperties) = preSolution
		HideSolutionNode = FALSE
	EndGlobalSection
	GlobalSection(NestedProjects) = preSolution
		{742207DB-31A5-4E15-BF8F-3805614CCBF2} = {6542B070-F3BC-4522-A34B-71F028B685C3}
		{905E0EF3-3847-47F7-9558-B50ABD47F948} = {6542B070-F3BC-4522-A34B-71F028B685C3}
		{6D73174E-C7CA-48EF-8621-9123612FDA3D} = {6542B070-F3BC-4522-A34B-71F028B685C3}
		{CC1E4C3B-14CD-414F-B1DD-37D1271DA5B3} = {1CB522B1-49DE-493C-AC49-BB1B15DF5419}
		{7806B20B-85B6-4754-9942-BE7BDC61750A} = {6AE96921-A302-48A4-A05C-F70E1C301311}
	EndGlobalSection
	GlobalSection(ExtensibilityGlobals) = postSolution
		SolutionGuid = {08540D00-4595-4072-9C7F-4F3BAA45A0D0}
	EndGlobalSection
EndGlobal
